// !$*UTF8*$!
{
	archiveVersion = 1;
	classes = {
	};
	objectVersion = 46;
	objects = {

/* Begin PBXBuildFile section */
		29EEF40FD95773EA3877D607 /* Pods_Pizza_Finder.framework in Frameworks */ = {isa = PBXBuildFile; fileRef = C1FBEC74A053552A0B43C71D /* Pods_Pizza_Finder.framework */; };
		700417661EDB040700D2B72A /* MapViewVC.swift in Sources */ = {isa = PBXBuildFile; fileRef = 700417651EDB040700D2B72A /* MapViewVC.swift */; };
		7021ED811EE893D0003583EE /* ChoicesPickerView.swift in Sources */ = {isa = PBXBuildFile; fileRef = 7021ED801EE893D0003583EE /* ChoicesPickerView.swift */; };
		7021ED831EE8A6E0003583EE /* ChoicesPickerCell.swift in Sources */ = {isa = PBXBuildFile; fileRef = 7021ED821EE8A6E0003583EE /* ChoicesPickerCell.swift */; };
		703140071EE9B98000DA8253 /* EstablishmentCardTouchFunctions.swift in Sources */ = {isa = PBXBuildFile; fileRef = 703140061EE9B98000DA8253 /* EstablishmentCardTouchFunctions.swift */; };
		7084FEB31ED869EA00F68A5E /* SearchVC.swift in Sources */ = {isa = PBXBuildFile; fileRef = 7084FEB21ED869EA00F68A5E /* SearchVC.swift */; };
		7084FEB71ED882E600F68A5E /* GoogleSearch.swift in Sources */ = {isa = PBXBuildFile; fileRef = 7084FEB61ED882E600F68A5E /* GoogleSearch.swift */; };
		7084FEB91ED8B21500F68A5E /* EstablishmentsObj.swift in Sources */ = {isa = PBXBuildFile; fileRef = 7084FEB81ED8B21500F68A5E /* EstablishmentsObj.swift */; };
		70BC307E1EE31751005C1CE5 /* MapView.swift in Sources */ = {isa = PBXBuildFile; fileRef = 70BC307D1EE31751005C1CE5 /* MapView.swift */; };
		70BC30801EE4643F005C1CE5 /* Renogare.ttf in Resources */ = {isa = PBXBuildFile; fileRef = 70BC307F1EE4643F005C1CE5 /* Renogare.ttf */; };
		70BC30821EE46566005C1CE5 /* Utilities.swift in Sources */ = {isa = PBXBuildFile; fileRef = 70BC30811EE46566005C1CE5 /* Utilities.swift */; };
		70BC30841EE46CF9005C1CE5 /* EstablishmentCard.swift in Sources */ = {isa = PBXBuildFile; fileRef = 70BC30831EE46CF9005C1CE5 /* EstablishmentCard.swift */; };
		70BC30861EE7284A005C1CE5 /* pizzaRat.mp4 in Resources */ = {isa = PBXBuildFile; fileRef = 70BC30851EE7284A005C1CE5 /* pizzaRat.mp4 */; };
		70BC30881EE72A1B005C1CE5 /* SplashScreenVC.swift in Sources */ = {isa = PBXBuildFile; fileRef = 70BC30871EE72A1B005C1CE5 /* SplashScreenVC.swift */; };
		70CED5DF1EDDA4B200C7284C /* MapViewLocationDelegates.swift in Sources */ = {isa = PBXBuildFile; fileRef = 70CED5DE1EDDA4B200C7284C /* MapViewLocationDelegates.swift */; };
		70CED5E11EDDF40800C7284C /* GoogleDirections.swift in Sources */ = {isa = PBXBuildFile; fileRef = 70CED5E01EDDF40800C7284C /* GoogleDirections.swift */; };
		70CED5E31EE0715800C7284C /* ChoicesCell.swift in Sources */ = {isa = PBXBuildFile; fileRef = 70CED5E21EE0715800C7284C /* ChoicesCell.swift */; };
		70CED5E51EE07F3000C7284C /* HomescreenCollectionV.swift in Sources */ = {isa = PBXBuildFile; fileRef = 70CED5E41EE07F3000C7284C /* HomescreenCollectionV.swift */; };
		70CED5EA1EE0AFD800C7284C /* HomescreenDataFunctions.swift in Sources */ = {isa = PBXBuildFile; fileRef = 70CED5E91EE0AFD800C7284C /* HomescreenDataFunctions.swift */; };
		70CED5EE1EE0BD5800C7284C /* EstablishmentChoicesVC.swift in Sources */ = {isa = PBXBuildFile; fileRef = 70CED5ED1EE0BD5800C7284C /* EstablishmentChoicesVC.swift */; };
		70EC2F5D1ED77EF5009D0803 /* AppDelegate.swift in Sources */ = {isa = PBXBuildFile; fileRef = 70EC2F5C1ED77EF5009D0803 /* AppDelegate.swift */; };
		70EC2F5F1ED77EF5009D0803 /* HomescreenVC.swift in Sources */ = {isa = PBXBuildFile; fileRef = 70EC2F5E1ED77EF5009D0803 /* HomescreenVC.swift */; };
		70EC2F651ED77EF5009D0803 /* Pizza_Finder.xcdatamodeld in Sources */ = {isa = PBXBuildFile; fileRef = 70EC2F631ED77EF5009D0803 /* Pizza_Finder.xcdatamodeld */; };
		70EC2F671ED77EF5009D0803 /* Assets.xcassets in Resources */ = {isa = PBXBuildFile; fileRef = 70EC2F661ED77EF5009D0803 /* Assets.xcassets */; };
		70EC2F6A1ED77EF5009D0803 /* LaunchScreen.storyboard in Resources */ = {isa = PBXBuildFile; fileRef = 70EC2F681ED77EF5009D0803 /* LaunchScreen.storyboard */; };
/* End PBXBuildFile section */

/* Begin PBXFileReference section */
		0DE152056E048FB2428EB0D4 /* Pods-Pizza Finder.debug.xcconfig */ = {isa = PBXFileReference; includeInIndex = 1; lastKnownFileType = text.xcconfig; name = "Pods-Pizza Finder.debug.xcconfig"; path = "Pods/Target Support Files/Pods-Pizza Finder/Pods-Pizza Finder.debug.xcconfig"; sourceTree = "<group>"; };
		700417651EDB040700D2B72A /* MapViewVC.swift */ = {isa = PBXFileReference; fileEncoding = 4; lastKnownFileType = sourcecode.swift; path = MapViewVC.swift; sourceTree = "<group>"; };
		7021ED801EE893D0003583EE /* ChoicesPickerView.swift */ = {isa = PBXFileReference; fileEncoding = 4; lastKnownFileType = sourcecode.swift; path = ChoicesPickerView.swift; sourceTree = "<group>"; };
		7021ED821EE8A6E0003583EE /* ChoicesPickerCell.swift */ = {isa = PBXFileReference; fileEncoding = 4; lastKnownFileType = sourcecode.swift; path = ChoicesPickerCell.swift; sourceTree = "<group>"; };
		703140061EE9B98000DA8253 /* EstablishmentCardTouchFunctions.swift */ = {isa = PBXFileReference; fileEncoding = 4; lastKnownFileType = sourcecode.swift; path = EstablishmentCardTouchFunctions.swift; sourceTree = "<group>"; };
		7084FEB21ED869EA00F68A5E /* SearchVC.swift */ = {isa = PBXFileReference; fileEncoding = 4; lastKnownFileType = sourcecode.swift; path = SearchVC.swift; sourceTree = "<group>"; };
		7084FEB61ED882E600F68A5E /* GoogleSearch.swift */ = {isa = PBXFileReference; fileEncoding = 4; lastKnownFileType = sourcecode.swift; path = GoogleSearch.swift; sourceTree = "<group>"; };
		7084FEB81ED8B21500F68A5E /* EstablishmentsObj.swift */ = {isa = PBXFileReference; fileEncoding = 4; lastKnownFileType = sourcecode.swift; path = EstablishmentsObj.swift; sourceTree = "<group>"; };
		70BC307D1EE31751005C1CE5 /* MapView.swift */ = {isa = PBXFileReference; fileEncoding = 4; lastKnownFileType = sourcecode.swift; path = MapView.swift; sourceTree = "<group>"; };
		70BC307F1EE4643F005C1CE5 /* Renogare.ttf */ = {isa = PBXFileReference; lastKnownFileType = file; path = Renogare.ttf; sourceTree = "<group>"; };
		70BC30811EE46566005C1CE5 /* Utilities.swift */ = {isa = PBXFileReference; fileEncoding = 4; lastKnownFileType = sourcecode.swift; path = Utilities.swift; sourceTree = "<group>"; };
		70BC30831EE46CF9005C1CE5 /* EstablishmentCard.swift */ = {isa = PBXFileReference; fileEncoding = 4; lastKnownFileType = sourcecode.swift; path = EstablishmentCard.swift; sourceTree = "<group>"; };
		70BC30851EE7284A005C1CE5 /* pizzaRat.mp4 */ = {isa = PBXFileReference; lastKnownFileType = file; path = pizzaRat.mp4; sourceTree = "<group>"; };
		70BC30871EE72A1B005C1CE5 /* SplashScreenVC.swift */ = {isa = PBXFileReference; fileEncoding = 4; lastKnownFileType = sourcecode.swift; path = SplashScreenVC.swift; sourceTree = "<group>"; };
		70CED5DE1EDDA4B200C7284C /* MapViewLocationDelegates.swift */ = {isa = PBXFileReference; fileEncoding = 4; lastKnownFileType = sourcecode.swift; path = MapViewLocationDelegates.swift; sourceTree = "<group>"; };
		70CED5E01EDDF40800C7284C /* GoogleDirections.swift */ = {isa = PBXFileReference; fileEncoding = 4; lastKnownFileType = sourcecode.swift; path = GoogleDirections.swift; sourceTree = "<group>"; };
		70CED5E21EE0715800C7284C /* ChoicesCell.swift */ = {isa = PBXFileReference; fileEncoding = 4; lastKnownFileType = sourcecode.swift; path = ChoicesCell.swift; sourceTree = "<group>"; };
		70CED5E41EE07F3000C7284C /* HomescreenCollectionV.swift */ = {isa = PBXFileReference; fileEncoding = 4; lastKnownFileType = sourcecode.swift; path = HomescreenCollectionV.swift; sourceTree = "<group>"; };
		70CED5E91EE0AFD800C7284C /* HomescreenDataFunctions.swift */ = {isa = PBXFileReference; fileEncoding = 4; lastKnownFileType = sourcecode.swift; path = HomescreenDataFunctions.swift; sourceTree = "<group>"; };
		70CED5ED1EE0BD5800C7284C /* EstablishmentChoicesVC.swift */ = {isa = PBXFileReference; fileEncoding = 4; lastKnownFileType = sourcecode.swift; path = EstablishmentChoicesVC.swift; sourceTree = "<group>"; };
		70EC2F591ED77EF5009D0803 /* Pizza Finder.app */ = {isa = PBXFileReference; explicitFileType = wrapper.application; includeInIndex = 0; path = "Pizza Finder.app"; sourceTree = BUILT_PRODUCTS_DIR; };
		70EC2F5C1ED77EF5009D0803 /* AppDelegate.swift */ = {isa = PBXFileReference; lastKnownFileType = sourcecode.swift; path = AppDelegate.swift; sourceTree = "<group>"; };
		70EC2F5E1ED77EF5009D0803 /* HomescreenVC.swift */ = {isa = PBXFileReference; lastKnownFileType = sourcecode.swift; path = HomescreenVC.swift; sourceTree = "<group>"; };
		70EC2F641ED77EF5009D0803 /* Pizza_Finder.xcdatamodel */ = {isa = PBXFileReference; lastKnownFileType = wrapper.xcdatamodel; path = Pizza_Finder.xcdatamodel; sourceTree = "<group>"; };
		70EC2F661ED77EF5009D0803 /* Assets.xcassets */ = {isa = PBXFileReference; lastKnownFileType = folder.assetcatalog; path = Assets.xcassets; sourceTree = "<group>"; };
		70EC2F691ED77EF5009D0803 /* Base */ = {isa = PBXFileReference; lastKnownFileType = file.storyboard; name = Base; path = Base.lproj/LaunchScreen.storyboard; sourceTree = "<group>"; };
		70EC2F6B1ED77EF5009D0803 /* Info.plist */ = {isa = PBXFileReference; lastKnownFileType = text.plist.xml; path = Info.plist; sourceTree = "<group>"; };
		C1FBEC74A053552A0B43C71D /* Pods_Pizza_Finder.framework */ = {isa = PBXFileReference; explicitFileType = wrapper.framework; includeInIndex = 0; path = Pods_Pizza_Finder.framework; sourceTree = BUILT_PRODUCTS_DIR; };
		F99DBBDDA3DD5FEC0BCC0ECE /* Pods-Pizza Finder.release.xcconfig */ = {isa = PBXFileReference; includeInIndex = 1; lastKnownFileType = text.xcconfig; name = "Pods-Pizza Finder.release.xcconfig"; path = "Pods/Target Support Files/Pods-Pizza Finder/Pods-Pizza Finder.release.xcconfig"; sourceTree = "<group>"; };
/* End PBXFileReference section */

/* Begin PBXFrameworksBuildPhase section */
		70EC2F561ED77EF5009D0803 /* Frameworks */ = {
			isa = PBXFrameworksBuildPhase;
			buildActionMask = 2147483647;
			files = (
				29EEF40FD95773EA3877D607 /* Pods_Pizza_Finder.framework in Frameworks */,
			);
			runOnlyForDeploymentPostprocessing = 0;
		};
/* End PBXFrameworksBuildPhase section */

/* Begin PBXGroup section */
		190484EA7732684FB1DDA6B6 /* Frameworks */ = {
			isa = PBXGroup;
			children = (
				C1FBEC74A053552A0B43C71D /* Pods_Pizza_Finder.framework */,
			);
			name = Frameworks;
			sourceTree = "<group>";
		};
		70BC30891EE7398F005C1CE5 /* SplashScreen */ = {
			isa = PBXGroup;
			children = (
				70BC30871EE72A1B005C1CE5 /* SplashScreenVC.swift */,
			);
			name = SplashScreen;
			sourceTree = "<group>";
		};
		70CED5E61EE0AEEF00C7284C /* Homescreen */ = {
			isa = PBXGroup;
			children = (
				70EC2F5E1ED77EF5009D0803 /* HomescreenVC.swift */,
				70CED5E91EE0AFD800C7284C /* HomescreenDataFunctions.swift */,
				70CED5E41EE07F3000C7284C /* HomescreenCollectionV.swift */,
				70CED5E21EE0715800C7284C /* ChoicesCell.swift */,
				7021ED801EE893D0003583EE /* ChoicesPickerView.swift */,
				7021ED821EE8A6E0003583EE /* ChoicesPickerCell.swift */,
			);
			name = Homescreen;
			sourceTree = "<group>";
		};
		70CED5E71EE0AEFC00C7284C /* Mapview */ = {
			isa = PBXGroup;
			children = (
				700417651EDB040700D2B72A /* MapViewVC.swift */,
				70BC307D1EE31751005C1CE5 /* MapView.swift */,
				70CED5DE1EDDA4B200C7284C /* MapViewLocationDelegates.swift */,
			);
			name = Mapview;
			sourceTree = "<group>";
		};
		70CED5E81EE0AF0F00C7284C /* Model */ = {
			isa = PBXGroup;
			children = (
				7084FEB81ED8B21500F68A5E /* EstablishmentsObj.swift */,
				7084FEB61ED882E600F68A5E /* GoogleSearch.swift */,
				70CED5E01EDDF40800C7284C /* GoogleDirections.swift */,
			);
			name = Model;
			sourceTree = "<group>";
		};
		70CED5F11EE1874C00C7284C /* EstablishmentOptions */ = {
			isa = PBXGroup;
			children = (
				70CED5ED1EE0BD5800C7284C /* EstablishmentChoicesVC.swift */,
				70BC30831EE46CF9005C1CE5 /* EstablishmentCard.swift */,
				703140061EE9B98000DA8253 /* EstablishmentCardTouchFunctions.swift */,
			);
			name = EstablishmentOptions;
			sourceTree = "<group>";
		};
		70EC2F501ED77EF5009D0803 = {
			isa = PBXGroup;
			children = (
				70EC2F5B1ED77EF5009D0803 /* Pizza Finder */,
				70EC2F5A1ED77EF5009D0803 /* Products */,
				7FAFCBA742D92CC42867D820 /* Pods */,
				190484EA7732684FB1DDA6B6 /* Frameworks */,
			);
			sourceTree = "<group>";
		};
		70EC2F5A1ED77EF5009D0803 /* Products */ = {
			isa = PBXGroup;
			children = (
				70EC2F591ED77EF5009D0803 /* Pizza Finder.app */,
			);
			name = Products;
			sourceTree = "<group>";
		};
		70EC2F5B1ED77EF5009D0803 /* Pizza Finder */ = {
			isa = PBXGroup;
			children = (
				70EC2F5C1ED77EF5009D0803 /* AppDelegate.swift */,
				70BC30811EE46566005C1CE5 /* Utilities.swift */,
				70BC30851EE7284A005C1CE5 /* pizzaRat.mp4 */,
				70BC307F1EE4643F005C1CE5 /* Renogare.ttf */,
				70CED5E81EE0AF0F00C7284C /* Model */,
				70BC30891EE7398F005C1CE5 /* SplashScreen */,
				70CED5E61EE0AEEF00C7284C /* Homescreen */,
				70CED5F11EE1874C00C7284C /* EstablishmentOptions */,
				70CED5E71EE0AEFC00C7284C /* Mapview */,
				7084FEB21ED869EA00F68A5E /* SearchVC.swift */,
				70EC2F661ED77EF5009D0803 /* Assets.xcassets */,
				70EC2F681ED77EF5009D0803 /* LaunchScreen.storyboard */,
				70EC2F6B1ED77EF5009D0803 /* Info.plist */,
				70EC2F631ED77EF5009D0803 /* Pizza_Finder.xcdatamodeld */,
			);
			path = "Pizza Finder";
			sourceTree = "<group>";
		};
		7FAFCBA742D92CC42867D820 /* Pods */ = {
			isa = PBXGroup;
			children = (
				0DE152056E048FB2428EB0D4 /* Pods-Pizza Finder.debug.xcconfig */,
				F99DBBDDA3DD5FEC0BCC0ECE /* Pods-Pizza Finder.release.xcconfig */,
			);
			name = Pods;
			sourceTree = "<group>";
		};
/* End PBXGroup section */

/* Begin PBXNativeTarget section */
		70EC2F581ED77EF5009D0803 /* Pizza Finder */ = {
			isa = PBXNativeTarget;
			buildConfigurationList = 70EC2F6E1ED77EF5009D0803 /* Build configuration list for PBXNativeTarget "Pizza Finder" */;
			buildPhases = (
				97BC6192BB328BF5770D5F20 /* [CP] Check Pods Manifest.lock */,
				70EC2F551ED77EF5009D0803 /* Sources */,
				70EC2F561ED77EF5009D0803 /* Frameworks */,
				70EC2F571ED77EF5009D0803 /* Resources */,
				537D4FF8B43DCCEB6C15F436 /* [CP] Embed Pods Frameworks */,
				D7C417E0403A6DD949E3137F /* [CP] Copy Pods Resources */,
			);
			buildRules = (
			);
			dependencies = (
			);
			name = "Pizza Finder";
			productName = "Pizza Finder";
			productReference = 70EC2F591ED77EF5009D0803 /* Pizza Finder.app */;
			productType = "com.apple.product-type.application";
		};
/* End PBXNativeTarget section */

/* Begin PBXProject section */
		70EC2F511ED77EF5009D0803 /* Project object */ = {
			isa = PBXProject;
			attributes = {
				LastSwiftUpdateCheck = 0830;
				LastUpgradeCheck = 0830;
				ORGANIZATIONNAME = DLEE;
				TargetAttributes = {
					70EC2F581ED77EF5009D0803 = {
						CreatedOnToolsVersion = 8.3.2;
						DevelopmentTeam = 7E8B8U32UT;
						ProvisioningStyle = Automatic;
					};
				};
			};
			buildConfigurationList = 70EC2F541ED77EF5009D0803 /* Build configuration list for PBXProject "Pizza Finder" */;
			compatibilityVersion = "Xcode 3.2";
			developmentRegion = English;
			hasScannedForEncodings = 0;
			knownRegions = (
				en,
				Base,
			);
			mainGroup = 70EC2F501ED77EF5009D0803;
			productRefGroup = 70EC2F5A1ED77EF5009D0803 /* Products */;
			projectDirPath = "";
			projectRoot = "";
			targets = (
				70EC2F581ED77EF5009D0803 /* Pizza Finder */,
			);
		};
/* End PBXProject section */

/* Begin PBXResourcesBuildPhase section */
		70EC2F571ED77EF5009D0803 /* Resources */ = {
			isa = PBXResourcesBuildPhase;
			buildActionMask = 2147483647;
			files = (
				70BC30861EE7284A005C1CE5 /* pizzaRat.mp4 in Resources */,
				70EC2F6A1ED77EF5009D0803 /* LaunchScreen.storyboard in Resources */,
				70BC30801EE4643F005C1CE5 /* Renogare.ttf in Resources */,
				70EC2F671ED77EF5009D0803 /* Assets.xcassets in Resources */,
			);
			runOnlyForDeploymentPostprocessing = 0;
		};
/* End PBXResourcesBuildPhase section */

/* Begin PBXShellScriptBuildPhase section */
		537D4FF8B43DCCEB6C15F436 /* [CP] Embed Pods Frameworks */ = {
			isa = PBXShellScriptBuildPhase;
			buildActionMask = 2147483647;
			files = (
			);
			inputPaths = (
			);
			name = "[CP] Embed Pods Frameworks";
			outputPaths = (
			);
			runOnlyForDeploymentPostprocessing = 0;
			shellPath = /bin/sh;
			shellScript = "\"${SRCROOT}/Pods/Target Support Files/Pods-Pizza Finder/Pods-Pizza Finder-frameworks.sh\"\n";
			showEnvVarsInLog = 0;
		};
		97BC6192BB328BF5770D5F20 /* [CP] Check Pods Manifest.lock */ = {
			isa = PBXShellScriptBuildPhase;
			buildActionMask = 2147483647;
			files = (
			);
			inputPaths = (
			);
			name = "[CP] Check Pods Manifest.lock";
			outputPaths = (
			);
			runOnlyForDeploymentPostprocessing = 0;
			shellPath = /bin/sh;
			shellScript = "diff \"${PODS_ROOT}/../Podfile.lock\" \"${PODS_ROOT}/Manifest.lock\" > /dev/null\nif [ $? != 0 ] ; then\n    # print error to STDERR\n    echo \"error: The sandbox is not in sync with the Podfile.lock. Run 'pod install' or update your CocoaPods installation.\" >&2\n    exit 1\nfi\n";
			showEnvVarsInLog = 0;
		};
		D7C417E0403A6DD949E3137F /* [CP] Copy Pods Resources */ = {
			isa = PBXShellScriptBuildPhase;
			buildActionMask = 2147483647;
			files = (
			);
			inputPaths = (
			);
			name = "[CP] Copy Pods Resources";
			outputPaths = (
			);
			runOnlyForDeploymentPostprocessing = 0;
			shellPath = /bin/sh;
			shellScript = "\"${SRCROOT}/Pods/Target Support Files/Pods-Pizza Finder/Pods-Pizza Finder-resources.sh\"\n";
			showEnvVarsInLog = 0;
		};
/* End PBXShellScriptBuildPhase section */

/* Begin PBXSourcesBuildPhase section */
		70EC2F551ED77EF5009D0803 /* Sources */ = {
			isa = PBXSourcesBuildPhase;
			buildActionMask = 2147483647;
			files = (
				7084FEB91ED8B21500F68A5E /* EstablishmentsObj.swift in Sources */,
				70BC307E1EE31751005C1CE5 /* MapView.swift in Sources */,
				7084FEB71ED882E600F68A5E /* GoogleSearch.swift in Sources */,
				70BC30881EE72A1B005C1CE5 /* SplashScreenVC.swift in Sources */,
				703140071EE9B98000DA8253 /* EstablishmentCardTouchFunctions.swift in Sources */,
				7084FEB31ED869EA00F68A5E /* SearchVC.swift in Sources */,
				70EC2F5F1ED77EF5009D0803 /* HomescreenVC.swift in Sources */,
				70CED5E11EDDF40800C7284C /* GoogleDirections.swift in Sources */,
				700417661EDB040700D2B72A /* MapViewVC.swift in Sources */,
				70CED5DF1EDDA4B200C7284C /* MapViewLocationDelegates.swift in Sources */,
				70CED5EA1EE0AFD800C7284C /* HomescreenDataFunctions.swift in Sources */,
				70BC30841EE46CF9005C1CE5 /* EstablishmentCard.swift in Sources */,
				7021ED811EE893D0003583EE /* ChoicesPickerView.swift in Sources */,
				70EC2F5D1ED77EF5009D0803 /* AppDelegate.swift in Sources */,
				70BC30821EE46566005C1CE5 /* Utilities.swift in Sources */,
				7021ED831EE8A6E0003583EE /* ChoicesPickerCell.swift in Sources */,
				70CED5EE1EE0BD5800C7284C /* EstablishmentChoicesVC.swift in Sources */,
				70CED5E51EE07F3000C7284C /* HomescreenCollectionV.swift in Sources */,
				70CED5E31EE0715800C7284C /* ChoicesCell.swift in Sources */,
				70EC2F651ED77EF5009D0803 /* Pizza_Finder.xcdatamodeld in Sources */,
			);
			runOnlyForDeploymentPostprocessing = 0;
		};
/* End PBXSourcesBuildPhase section */

/* Begin PBXVariantGroup section */
		70EC2F681ED77EF5009D0803 /* LaunchScreen.storyboard */ = {
			isa = PBXVariantGroup;
			children = (
				70EC2F691ED77EF5009D0803 /* Base */,
			);
			name = LaunchScreen.storyboard;
			sourceTree = "<group>";
		};
/* End PBXVariantGroup section */

/* Begin XCBuildConfiguration section */
		70EC2F6C1ED77EF5009D0803 /* Debug */ = {
			isa = XCBuildConfiguration;
			buildSettings = {
				ALWAYS_SEARCH_USER_PATHS = NO;
				CLANG_ANALYZER_NONNULL = YES;
				CLANG_ANALYZER_NUMBER_OBJECT_CONVERSION = YES_AGGRESSIVE;
				CLANG_CXX_LANGUAGE_STANDARD = "gnu++0x";
				CLANG_CXX_LIBRARY = "libc++";
				CLANG_ENABLE_MODULES = YES;
				CLANG_ENABLE_OBJC_ARC = YES;
				CLANG_WARN_BOOL_CONVERSION = YES;
				CLANG_WARN_CONSTANT_CONVERSION = YES;
				CLANG_WARN_DIRECT_OBJC_ISA_USAGE = YES_ERROR;
				CLANG_WARN_DOCUMENTATION_COMMENTS = YES;
				CLANG_WARN_EMPTY_BODY = YES;
				CLANG_WARN_ENUM_CONVERSION = YES;
				CLANG_WARN_INFINITE_RECURSION = YES;
				CLANG_WARN_INT_CONVERSION = YES;
				CLANG_WARN_OBJC_ROOT_CLASS = YES_ERROR;
				CLANG_WARN_SUSPICIOUS_MOVE = YES;
				CLANG_WARN_UNREACHABLE_CODE = YES;
				CLANG_WARN__DUPLICATE_METHOD_MATCH = YES;
				"CODE_SIGN_IDENTITY[sdk=iphoneos*]" = "iPhone Developer";
				COPY_PHASE_STRIP = NO;
				DEBUG_INFORMATION_FORMAT = dwarf;
				ENABLE_STRICT_OBJC_MSGSEND = YES;
				ENABLE_TESTABILITY = YES;
				GCC_C_LANGUAGE_STANDARD = gnu99;
				GCC_DYNAMIC_NO_PIC = NO;
				GCC_NO_COMMON_BLOCKS = YES;
				GCC_OPTIMIZATION_LEVEL = 0;
				GCC_PREPROCESSOR_DEFINITIONS = (
					"DEBUG=1",
					"$(inherited)",
				);
				GCC_WARN_64_TO_32_BIT_CONVERSION = YES;
				GCC_WARN_ABOUT_RETURN_TYPE = YES_ERROR;
				GCC_WARN_UNDECLARED_SELECTOR = YES;
				GCC_WARN_UNINITIALIZED_AUTOS = YES_AGGRESSIVE;
				GCC_WARN_UNUSED_FUNCTION = YES;
				GCC_WARN_UNUSED_VARIABLE = YES;
				IPHONEOS_DEPLOYMENT_TARGET = 10.3;
				MTL_ENABLE_DEBUG_INFO = YES;
				ONLY_ACTIVE_ARCH = YES;
				SDKROOT = iphoneos;
				SWIFT_ACTIVE_COMPILATION_CONDITIONS = DEBUG;
				SWIFT_OPTIMIZATION_LEVEL = "-Onone";
			};
			name = Debug;
		};
		70EC2F6D1ED77EF5009D0803 /* Release */ = {
			isa = XCBuildConfiguration;
			buildSettings = {
				ALWAYS_SEARCH_USER_PATHS = NO;
				CLANG_ANALYZER_NONNULL = YES;
				CLANG_ANALYZER_NUMBER_OBJECT_CONVERSION = YES_AGGRESSIVE;
				CLANG_CXX_LANGUAGE_STANDARD = "gnu++0x";
				CLANG_CXX_LIBRARY = "libc++";
				CLANG_ENABLE_MODULES = YES;
				CLANG_ENABLE_OBJC_ARC = YES;
				CLANG_WARN_BOOL_CONVERSION = YES;
				CLANG_WARN_CONSTANT_CONVERSION = YES;
				CLANG_WARN_DIRECT_OBJC_ISA_USAGE = YES_ERROR;
				CLANG_WARN_DOCUMENTATION_COMMENTS = YES;
				CLANG_WARN_EMPTY_BODY = YES;
				CLANG_WARN_ENUM_CONVERSION = YES;
				CLANG_WARN_INFINITE_RECURSION = YES;
				CLANG_WARN_INT_CONVERSION = YES;
				CLANG_WARN_OBJC_ROOT_CLASS = YES_ERROR;
				CLANG_WARN_SUSPICIOUS_MOVE = YES;
				CLANG_WARN_UNREACHABLE_CODE = YES;
				CLANG_WARN__DUPLICATE_METHOD_MATCH = YES;
				"CODE_SIGN_IDENTITY[sdk=iphoneos*]" = "iPhone Developer";
				COPY_PHASE_STRIP = NO;
				DEBUG_INFORMATION_FORMAT = "dwarf-with-dsym";
				ENABLE_NS_ASSERTIONS = NO;
				ENABLE_STRICT_OBJC_MSGSEND = YES;
				GCC_C_LANGUAGE_STANDARD = gnu99;
				GCC_NO_COMMON_BLOCKS = YES;
				GCC_WARN_64_TO_32_BIT_CONVERSION = YES;
				GCC_WARN_ABOUT_RETURN_TYPE = YES_ERROR;
				GCC_WARN_UNDECLARED_SELECTOR = YES;
				GCC_WARN_UNINITIALIZED_AUTOS = YES_AGGRESSIVE;
				GCC_WARN_UNUSED_FUNCTION = YES;
				GCC_WARN_UNUSED_VARIABLE = YES;
				IPHONEOS_DEPLOYMENT_TARGET = 10.3;
				MTL_ENABLE_DEBUG_INFO = NO;
				SDKROOT = iphoneos;
				SWIFT_OPTIMIZATION_LEVEL = "-Owholemodule";
				VALIDATE_PRODUCT = YES;
			};
			name = Release;
		};
		70EC2F6F1ED77EF5009D0803 /* Debug */ = {
			isa = XCBuildConfiguration;
			baseConfigurationReference = 0DE152056E048FB2428EB0D4 /* Pods-Pizza Finder.debug.xcconfig */;
			buildSettings = {
				ASSETCATALOG_COMPILER_APPICON_NAME = AppIcon;
				DEVELOPMENT_TEAM = 7E8B8U32UT;
				INFOPLIST_FILE = "Pizza Finder/Info.plist";
				LD_RUNPATH_SEARCH_PATHS = "$(inherited) @executable_path/Frameworks";
				PRODUCT_BUNDLE_IDENTIFIER = "dlee923.Pizza-Finder";
				PRODUCT_NAME = "$(TARGET_NAME)";
				SWIFT_VERSION = 3.0;
			};
			name = Debug;
		};
		70EC2F701ED77EF5009D0803 /* Release */ = {
			isa = XCBuildConfiguration;
			baseConfigurationReference = F99DBBDDA3DD5FEC0BCC0ECE /* Pods-Pizza Finder.release.xcconfig */;
			buildSettings = {
				ASSETCATALOG_COMPILER_APPICON_NAME = AppIcon;
				DEVELOPMENT_TEAM = 7E8B8U32UT;
				INFOPLIST_FILE = "Pizza Finder/Info.plist";
				LD_RUNPATH_SEARCH_PATHS = "$(inherited) @executable_path/Frameworks";
				PRODUCT_BUNDLE_IDENTIFIER = "dlee923.Pizza-Finder";
				PRODUCT_NAME = "$(TARGET_NAME)";
				SWIFT_VERSION = 3.0;
			};
			name = Release;
		};
/* End XCBuildConfiguration section */

/* Begin XCConfigurationList section */
		70EC2F541ED77EF5009D0803 /* Build configuration list for PBXProject "Pizza Finder" */ = {
			isa = XCConfigurationList;
			buildConfigurations = (
				70EC2F6C1ED77EF5009D0803 /* Debug */,
				70EC2F6D1ED77EF5009D0803 /* Release */,
			);
			defaultConfigurationIsVisible = 0;
			defaultConfigurationName = Release;
		};
		70EC2F6E1ED77EF5009D0803 /* Build configuration list for PBXNativeTarget "Pizza Finder" */ = {
			isa = XCConfigurationList;
			buildConfigurations = (
				70EC2F6F1ED77EF5009D0803 /* Debug */,
				70EC2F701ED77EF5009D0803 /* Release */,
			);
			defaultConfigurationIsVisible = 0;
			defaultConfigurationName = Release;
		};
/* End XCConfigurationList section */

/* Begin XCVersionGroup section */
		70EC2F631ED77EF5009D0803 /* Pizza_Finder.xcdatamodeld */ = {
			isa = XCVersionGroup;
			children = (
				70EC2F641ED77EF5009D0803 /* Pizza_Finder.xcdatamodel */,
			);
			currentVersion = 70EC2F641ED77EF5009D0803 /* Pizza_Finder.xcdatamodel */;
			path = Pizza_Finder.xcdatamodeld;
			sourceTree = "<group>";
			versionGroupType = wrapper.xcdatamodel;
		};
/* End XCVersionGroup section */
	};
	rootObject = 70EC2F511ED77EF5009D0803 /* Project object */;
}
